
Microsoft Visual Studio Solution File, Format Version 12.00
# Visual Studio 2017
Project("{FAE04EC0-301F-11D3-BF4B-00C04F79EFBC}") = "Danmaku_No_Loli_2018", "Danmaku_No_Loli_2018.csproj", "{A58469A0-B6C3-44EF-B62E-B00E5C86244E}"
EndProject
Global
	GlobalSection(SolutionConfigurationPlatforms) = preSolution
		Debug|Any CPU = Debug|Any CPU
		Release|Any CPU = Release|Any CPU
	EndGlobalSection
	GlobalSection(ProjectConfigurationPlatforms) = postSolution
		{A58469A0-B6C3-44EF-B62E-B00E5C86244E}.Debug|Any CPU.ActiveCfg = Debug|Any CPU
		{A58469A0-B6C3-44EF-B62E-B00E5C86244E}.Debug|Any CPU.Build.0 = Debug|Any CPU
		{A58469A0-B6C3-44EF-B62E-B00E5C86244E}.Release|Any CPU.ActiveCfg = Release|Any CPU
		{A58469A0-B6C3-44EF-B62E-B00E5C86244E}.Release|Any CPU.Build.0 = Release|Any CPU
	EndGlobalSection
	GlobalSection(SolutionProperties) = preSolution
		HideSolutionNode = FALSE
	EndGlobalSection
EndGlobal
